// !$*UTF8*$!
{
	archiveVersion = 1;
	classes = {
	};
	objectVersion = 55;
	objects = {

/* Begin PBXBuildFile section */
		78EE06262959C1E5000E3428 /* AppDelegate.swift in Sources */ = {isa = PBXBuildFile; fileRef = 78EE06252959C1E5000E3428 /* AppDelegate.swift */; };
		78EE06282959C1E5000E3428 /* SceneDelegate.swift in Sources */ = {isa = PBXBuildFile; fileRef = 78EE06272959C1E5000E3428 /* SceneDelegate.swift */; };
		78EE062A2959C1E5000E3428 /* ViewController.swift in Sources */ = {isa = PBXBuildFile; fileRef = 78EE06292959C1E5000E3428 /* ViewController.swift */; };
		78EE062D2959C1E5000E3428 /* Main.storyboard in Resources */ = {isa = PBXBuildFile; fileRef = 78EE062B2959C1E5000E3428 /* Main.storyboard */; };
		78EE062F2959C1E6000E3428 /* Assets.xcassets in Resources */ = {isa = PBXBuildFile; fileRef = 78EE062E2959C1E6000E3428 /* Assets.xcassets */; };
		78EE06322959C1E6000E3428 /* LaunchScreen.storyboard in Resources */ = {isa = PBXBuildFile; fileRef = 78EE06302959C1E6000E3428 /* LaunchScreen.storyboard */; };
		78EE063D2959C1E6000E3428 /* ledAppTests.swift in Sources */ = {isa = PBXBuildFile; fileRef = 78EE063C2959C1E6000E3428 /* ledAppTests.swift */; };
		78EE06472959C1E6000E3428 /* ledAppUITests.swift in Sources */ = {isa = PBXBuildFile; fileRef = 78EE06462959C1E6000E3428 /* ledAppUITests.swift */; };
		78EE06492959C1E6000E3428 /* ledAppUITestsLaunchTests.swift in Sources */ = {isa = PBXBuildFile; fileRef = 78EE06482959C1E6000E3428 /* ledAppUITestsLaunchTests.swift */; };
		78EE06562959DD9B000E3428 /* SettingViewController.swift in Sources */ = {isa = PBXBuildFile; fileRef = 78EE06552959DD9B000E3428 /* SettingViewController.swift */; };
/* End PBXBuildFile section */

/* Begin PBXContainerItemProxy section */
		78EE06392959C1E6000E3428 /* PBXContainerItemProxy */ = {
			isa = PBXContainerItemProxy;
			containerPortal = 78EE061A2959C1E5000E3428 /* Project object */;
			proxyType = 1;
			remoteGlobalIDString = 78EE06212959C1E5000E3428;
			remoteInfo = ledApp;
		};
		78EE06432959C1E6000E3428 /* PBXContainerItemProxy */ = {
			isa = PBXContainerItemProxy;
			containerPortal = 78EE061A2959C1E5000E3428 /* Project object */;
			proxyType = 1;
			remoteGlobalIDString = 78EE06212959C1E5000E3428;
			remoteInfo = ledApp;
		};
/* End PBXContainerItemProxy section */

/* Begin PBXFileReference section */
		78EE06222959C1E5000E3428 /* ledApp.app */ = {isa = PBXFileReference; explicitFileType = wrapper.application; includeInIndex = 0; path = ledApp.app; sourceTree = BUILT_PRODUCTS_DIR; };
		78EE06252959C1E5000E3428 /* AppDelegate.swift */ = {isa = PBXFileReference; lastKnownFileType = sourcecode.swift; path = AppDelegate.swift; sourceTree = "<group>"; };
		78EE06272959C1E5000E3428 /* SceneDelegate.swift */ = {isa = PBXFileReference; lastKnownFileType = sourcecode.swift; path = SceneDelegate.swift; sourceTree = "<group>"; };
		78EE06292959C1E5000E3428 /* ViewController.swift */ = {isa = PBXFileReference; lastKnownFileType = sourcecode.swift; path = ViewController.swift; sourceTree = "<group>"; };
		78EE062C2959C1E5000E3428 /* Base */ = {isa = PBXFileReference; lastKnownFileType = file.storyboard; name = Base; path = Base.lproj/Main.storyboard; sourceTree = "<group>"; };
		78EE062E2959C1E6000E3428 /* Assets.xcassets */ = {isa = PBXFileReference; lastKnownFileType = folder.assetcatalog; path = Assets.xcassets; sourceTree = "<group>"; };
		78EE06312959C1E6000E3428 /* Base */ = {isa = PBXFileReference; lastKnownFileType = file.storyboard; name = Base; path = Base.lproj/LaunchScreen.storyboard; sourceTree = "<group>"; };
		78EE06332959C1E6000E3428 /* Info.plist */ = {isa = PBXFileReference; lastKnownFileType = text.plist.xml; path = Info.plist; sourceTree = "<group>"; };
		78EE06382959C1E6000E3428 /* ledAppTests.xctest */ = {isa = PBXFileReference; explicitFileType = wrapper.cfbundle; includeInIndex = 0; path = ledAppTests.xctest; sourceTree = BUILT_PRODUCTS_DIR; };
		78EE063C2959C1E6000E3428 /* ledAppTests.swift */ = {isa = PBXFileReference; lastKnownFileType = sourcecode.swift; path = ledAppTests.swift; sourceTree = "<group>"; };
		78EE06422959C1E6000E3428 /* ledAppUITests.xctest */ = {isa = PBXFileReference; explicitFileType = wrapper.cfbundle; includeInIndex = 0; path = ledAppUITests.xctest; sourceTree = BUILT_PRODUCTS_DIR; };
		78EE06462959C1E6000E3428 /* ledAppUITests.swift */ = {isa = PBXFileReference; lastKnownFileType = sourcecode.swift; path = ledAppUITests.swift; sourceTree = "<group>"; };
		78EE06482959C1E6000E3428 /* ledAppUITestsLaunchTests.swift */ = {isa = PBXFileReference; lastKnownFileType = sourcecode.swift; path = ledAppUITestsLaunchTests.swift; sourceTree = "<group>"; };
		78EE06552959DD9B000E3428 /* SettingViewController.swift */ = {isa = PBXFileReference; lastKnownFileType = sourcecode.swift; path = SettingViewController.swift; sourceTree = "<group>"; };
/* End PBXFileReference section */

/* Begin PBXFrameworksBuildPhase section */
		78EE061F2959C1E5000E3428 /* Frameworks */ = {
			isa = PBXFrameworksBuildPhase;
			buildActionMask = 2147483647;
			files = (
			);
			runOnlyForDeploymentPostprocessing = 0;
		};
		78EE06352959C1E6000E3428 /* Frameworks */ = {
			isa = PBXFrameworksBuildPhase;
			buildActionMask = 2147483647;
			files = (
			);
			runOnlyForDeploymentPostprocessing = 0;
		};
		78EE063F2959C1E6000E3428 /* Frameworks */ = {
			isa = PBXFrameworksBuildPhase;
			buildActionMask = 2147483647;
			files = (
			);
			runOnlyForDeploymentPostprocessing = 0;
		};
/* End PBXFrameworksBuildPhase section */

/* Begin PBXGroup section */
		78EE06192959C1E5000E3428 = {
			isa = PBXGroup;
			children = (
				78EE06242959C1E5000E3428 /* ledApp */,
				78EE063B2959C1E6000E3428 /* ledAppTests */,
				78EE06452959C1E6000E3428 /* ledAppUITests */,
				78EE06232959C1E5000E3428 /* Products */,
			);
			sourceTree = "<group>";
		};
		78EE06232959C1E5000E3428 /* Products */ = {
			isa = PBXGroup;
			children = (
				78EE06222959C1E5000E3428 /* ledApp.app */,
				78EE06382959C1E6000E3428 /* ledAppTests.xctest */,
				78EE06422959C1E6000E3428 /* ledAppUITests.xctest */,
			);
			name = Products;
			sourceTree = "<group>";
		};
		78EE06242959C1E5000E3428 /* ledApp */ = {
			isa = PBXGroup;
			children = (
				78EE06252959C1E5000E3428 /* AppDelegate.swift */,
				78EE06272959C1E5000E3428 /* SceneDelegate.swift */,
				78EE06292959C1E5000E3428 /* ViewController.swift */,
				78EE062B2959C1E5000E3428 /* Main.storyboard */,
				78EE062E2959C1E6000E3428 /* Assets.xcassets */,
				78EE06302959C1E6000E3428 /* LaunchScreen.storyboard */,
				78EE06332959C1E6000E3428 /* Info.plist */,
				78EE06552959DD9B000E3428 /* SettingViewController.swift */,
			);
			path = ledApp;
			sourceTree = "<group>";
		};
		78EE063B2959C1E6000E3428 /* ledAppTests */ = {
			isa = PBXGroup;
			children = (
				78EE063C2959C1E6000E3428 /* ledAppTests.swift */,
			);
			path = ledAppTests;
			sourceTree = "<group>";
		};
		78EE06452959C1E6000E3428 /* ledAppUITests */ = {
			isa = PBXGroup;
			children = (
				78EE06462959C1E6000E3428 /* ledAppUITests.swift */,
				78EE06482959C1E6000E3428 /* ledAppUITestsLaunchTests.swift */,
			);
			path = ledAppUITests;
			sourceTree = "<group>";
		};
/* End PBXGroup section */

/* Begin PBXNativeTarget section */
		78EE06212959C1E5000E3428 /* ledApp */ = {
			isa = PBXNativeTarget;
			buildConfigurationList = 78EE064C2959C1E6000E3428 /* Build configuration list for PBXNativeTarget "ledApp" */;
			buildPhases = (
				78EE061E2959C1E5000E3428 /* Sources */,
				78EE061F2959C1E5000E3428 /* Frameworks */,
				78EE06202959C1E5000E3428 /* Resources */,
			);
			buildRules = (
			);
			dependencies = (
			);
			name = ledApp;
			productName = ledApp;
			productReference = 78EE06222959C1E5000E3428 /* ledApp.app */;
			productType = "com.apple.product-type.application";
		};
		78EE06372959C1E6000E3428 /* ledAppTests */ = {
			isa = PBXNativeTarget;
			buildConfigurationList = 78EE064F2959C1E6000E3428 /* Build configuration list for PBXNativeTarget "ledAppTests" */;
			buildPhases = (
				78EE06342959C1E6000E3428 /* Sources */,
				78EE06352959C1E6000E3428 /* Frameworks */,
				78EE06362959C1E6000E3428 /* Resources */,
			);
			buildRules = (
			);
			dependencies = (
				78EE063A2959C1E6000E3428 /* PBXTargetDependency */,
			);
			name = ledAppTests;
			productName = ledAppTests;
			productReference = 78EE06382959C1E6000E3428 /* ledAppTests.xctest */;
			productType = "com.apple.product-type.bundle.unit-test";
		};
		78EE06412959C1E6000E3428 /* ledAppUITests */ = {
			isa = PBXNativeTarget;
			buildConfigurationList = 78EE06522959C1E6000E3428 /* Build configuration list for PBXNativeTarget "ledAppUITests" */;
			buildPhases = (
				78EE063E2959C1E6000E3428 /* Sources */,
				78EE063F2959C1E6000E3428 /* Frameworks */,
				78EE06402959C1E6000E3428 /* Resources */,
			);
			buildRules = (
			);
			dependencies = (
				78EE06442959C1E6000E3428 /* PBXTargetDependency */,
			);
			name = ledAppUITests;
			productName = ledAppUITests;
			productReference = 78EE06422959C1E6000E3428 /* ledAppUITests.xctest */;
			productType = "com.apple.product-type.bundle.ui-testing";
		};
/* End PBXNativeTarget section */

/* Begin PBXProject section */
		78EE061A2959C1E5000E3428 /* Project object */ = {
			isa = PBXProject;
			attributes = {
				BuildIndependentTargetsInParallel = 1;
				LastSwiftUpdateCheck = 1340;
				LastUpgradeCheck = 1340;
				TargetAttributes = {
					78EE06212959C1E5000E3428 = {
						CreatedOnToolsVersion = 13.4.1;
					};
					78EE06372959C1E6000E3428 = {
						CreatedOnToolsVersion = 13.4.1;
						TestTargetID = 78EE06212959C1E5000E3428;
					};
					78EE06412959C1E6000E3428 = {
						CreatedOnToolsVersion = 13.4.1;
						TestTargetID = 78EE06212959C1E5000E3428;
					};
				};
			};
			buildConfigurationList = 78EE061D2959C1E5000E3428 /* Build configuration list for PBXProject "ledApp" */;
			compatibilityVersion = "Xcode 13.0";
			developmentRegion = en;
			hasScannedForEncodings = 0;
			knownRegions = (
				en,
				Base,
			);
			mainGroup = 78EE06192959C1E5000E3428;
			productRefGroup = 78EE06232959C1E5000E3428 /* Products */;
			projectDirPath = "";
			projectRoot = "";
			targets = (
				78EE06212959C1E5000E3428 /* ledApp */,
				78EE06372959C1E6000E3428 /* ledAppTests */,
				78EE06412959C1E6000E3428 /* ledAppUITests */,
			);
		};
/* End PBXProject section */

/* Begin PBXResourcesBuildPhase section */
		78EE06202959C1E5000E3428 /* Resources */ = {
			isa = PBXResourcesBuildPhase;
			buildActionMask = 2147483647;
			files = (
				78EE06322959C1E6000E3428 /* LaunchScreen.storyboard in Resources */,
				78EE062F2959C1E6000E3428 /* Assets.xcassets in Resources */,
				78EE062D2959C1E5000E3428 /* Main.storyboard in Resources */,
			);
			runOnlyForDeploymentPostprocessing = 0;
		};
		78EE06362959C1E6000E3428 /* Resources */ = {
			isa = PBXResourcesBuildPhase;
			buildActionMask = 2147483647;
			files = (
			);
			runOnlyForDeploymentPostprocessing = 0;
		};
		78EE06402959C1E6000E3428 /* Resources */ = {
			isa = PBXResourcesBuildPhase;
			buildActionMask = 2147483647;
			files = (
			);
			runOnlyForDeploymentPostprocessing = 0;
		};
/* End PBXResourcesBuildPhase section */

/* Begin PBXSourcesBuildPhase section */
		78EE061E2959C1E5000E3428 /* Sources */ = {
			isa = PBXSourcesBuildPhase;
			buildActionMask = 2147483647;
			files = (
				78EE062A2959C1E5000E3428 /* ViewController.swift in Sources */,
				78EE06262959C1E5000E3428 /* AppDelegate.swift in Sources */,
				78EE06282959C1E5000E3428 /* SceneDelegate.swift in Sources */,
				78EE06562959DD9B000E3428 /* SettingViewController.swift in Sources */,
			);
			runOnlyForDeploymentPostprocessing = 0;
		};
		78EE06342959C1E6000E3428 /* Sources */ = {
			isa = PBXSourcesBuildPhase;
			buildActionMask = 2147483647;
			files = (
				78EE063D2959C1E6000E3428 /* ledAppTests.swift in Sources */,
			);
			runOnlyForDeploymentPostprocessing = 0;
		};
		78EE063E2959C1E6000E3428 /* Sources */ = {
			isa = PBXSourcesBuildPhase;
			buildActionMask = 2147483647;
			files = (
				78EE06492959C1E6000E3428 /* ledAppUITestsLaunchTests.swift in Sources */,
				78EE06472959C1E6000E3428 /* ledAppUITests.swift in Sources */,
			);
			runOnlyForDeploymentPostprocessing = 0;
		};
/* End PBXSourcesBuildPhase section */

/* Begin PBXTargetDependency section */
		78EE063A2959C1E6000E3428 /* PBXTargetDependency */ = {
			isa = PBXTargetDependency;
			target = 78EE06212959C1E5000E3428 /* ledApp */;
			targetProxy = 78EE06392959C1E6000E3428 /* PBXContainerItemProxy */;
		};
		78EE06442959C1E6000E3428 /* PBXTargetDependency */ = {
			isa = PBXTargetDependency;
			target = 78EE06212959C1E5000E3428 /* ledApp */;
			targetProxy = 78EE06432959C1E6000E3428 /* PBXContainerItemProxy */;
		};
/* End PBXTargetDependency section */

/* Begin PBXVariantGroup section */
		78EE062B2959C1E5000E3428 /* Main.storyboard */ = {
			isa = PBXVariantGroup;
			children = (
				78EE062C2959C1E5000E3428 /* Base */,
			);
			name = Main.storyboard;
			sourceTree = "<group>";
		};
		78EE06302959C1E6000E3428 /* LaunchScreen.storyboard */ = {
			isa = PBXVariantGroup;
			children = (
				78EE06312959C1E6000E3428 /* Base */,
			);
			name = LaunchScreen.storyboard;
			sourceTree = "<group>";
		};
/* End PBXVariantGroup section */

/* Begin XCBuildConfiguration section */
		78EE064A2959C1E6000E3428 /* Debug */ = {
			isa = XCBuildConfiguration;
			buildSettings = {
				ALWAYS_SEARCH_USER_PATHS = NO;
				CLANG_ANALYZER_NONNULL = YES;
				CLANG_ANALYZER_NUMBER_OBJECT_CONVERSION = YES_AGGRESSIVE;
				CLANG_CXX_LANGUAGE_STANDARD = "gnu++17";
				CLANG_ENABLE_MODULES = YES;
				CLANG_ENABLE_OBJC_ARC = YES;
				CLANG_ENABLE_OBJC_WEAK = YES;
				CLANG_WARN_BLOCK_CAPTURE_AUTORELEASING = YES;
				CLANG_WARN_BOOL_CONVERSION = YES;
				CLANG_WARN_COMMA = YES;
				CLANG_WARN_CONSTANT_CONVERSION = YES;
				CLANG_WARN_DEPRECATED_OBJC_IMPLEMENTATIONS = YES;
				CLANG_WARN_DIRECT_OBJC_ISA_USAGE = YES_ERROR;
				CLANG_WARN_DOCUMENTATION_COMMENTS = YES;
				CLANG_WARN_EMPTY_BODY = YES;
				CLANG_WARN_ENUM_CONVERSION = YES;
				CLANG_WARN_INFINITE_RECURSION = YES;
				CLANG_WARN_INT_CONVERSION = YES;
				CLANG_WARN_NON_LITERAL_NULL_CONVERSION = YES;
				CLANG_WARN_OBJC_IMPLICIT_RETAIN_SELF = YES;
				CLANG_WARN_OBJC_LITERAL_CONVERSION = YES;
				CLANG_WARN_OBJC_ROOT_CLASS = YES_ERROR;
				CLANG_WARN_QUOTED_INCLUDE_IN_FRAMEWORK_HEADER = YES;
				CLANG_WARN_RANGE_LOOP_ANALYSIS = YES;
				CLANG_WARN_STRICT_PROTOTYPES = YES;
				CLANG_WARN_SUSPICIOUS_MOVE = YES;
				CLANG_WARN_UNGUARDED_AVAILABILITY = YES_AGGRESSIVE;
				CLANG_WARN_UNREACHABLE_CODE = YES;
				CLANG_WARN__DUPLICATE_METHOD_MATCH = YES;
				COPY_PHASE_STRIP = NO;
				DEBUG_INFORMATION_FORMAT = dwarf;
				ENABLE_STRICT_OBJC_MSGSEND = YES;
				ENABLE_TESTABILITY = YES;
				GCC_C_LANGUAGE_STANDARD = gnu11;
				GCC_DYNAMIC_NO_PIC = NO;
				GCC_NO_COMMON_BLOCKS = YES;
				GCC_OPTIMIZATION_LEVEL = 0;
				GCC_PREPROCESSOR_DEFINITIONS = (
					"DEBUG=1",
					"$(inherited)",
				);
				GCC_WARN_64_TO_32_BIT_CONVERSION = YES;
				GCC_WARN_ABOUT_RETURN_TYPE = YES_ERROR;
				GCC_WARN_UNDECLARED_SELECTOR = YES;
				GCC_WARN_UNINITIALIZED_AUTOS = YES_AGGRESSIVE;
				GCC_WARN_UNUSED_FUNCTION = YES;
				GCC_WARN_UNUSED_VARIABLE = YES;
				IPHONEOS_DEPLOYMENT_TARGET = 15.5;
				MTL_ENABLE_DEBUG_INFO = INCLUDE_SOURCE;
				MTL_FAST_MATH = YES;
				ONLY_ACTIVE_ARCH = YES;
				SDKROOT = iphoneos;
				SWIFT_ACTIVE_COMPILATION_CONDITIONS = DEBUG;
				SWIFT_OPTIMIZATION_LEVEL = "-Onone";
			};
			name = Debug;
		};
		78EE064B2959C1E6000E3428 /* Release */ = {
			isa = XCBuildConfiguration;
			buildSettings = {
				ALWAYS_SEARCH_USER_PATHS = NO;
				CLANG_ANALYZER_NONNULL = YES;
				CLANG_ANALYZER_NUMBER_OBJECT_CONVERSION = YES_AGGRESSIVE;
				CLANG_CXX_LANGUAGE_STANDARD = "gnu++17";
				CLANG_ENABLE_MODULES = YES;
				CLANG_ENABLE_OBJC_ARC = YES;
				CLANG_ENABLE_OBJC_WEAK = YES;
				CLANG_WARN_BLOCK_CAPTURE_AUTORELEASING = YES;
				CLANG_WARN_BOOL_CONVERSION = YES;
				CLANG_WARN_COMMA = YES;
				CLANG_WARN_CONSTANT_CONVERSION = YES;
				CLANG_WARN_DEPRECATED_OBJC_IMPLEMENTATIONS = YES;
				CLANG_WARN_DIRECT_OBJC_ISA_USAGE = YES_ERROR;
				CLANG_WARN_DOCUMENTATION_COMMENTS = YES;
				CLANG_WARN_EMPTY_BODY = YES;
				CLANG_WARN_ENUM_CONVERSION = YES;
				CLANG_WARN_INFINITE_RECURSION = YES;
				CLANG_WARN_INT_CONVERSION = YES;
				CLANG_WARN_NON_LITERAL_NULL_CONVERSION = YES;
				CLANG_WARN_OBJC_IMPLICIT_RETAIN_SELF = YES;
				CLANG_WARN_OBJC_LITERAL_CONVERSION = YES;
				CLANG_WARN_OBJC_ROOT_CLASS = YES_ERROR;
				CLANG_WARN_QUOTED_INCLUDE_IN_FRAMEWORK_HEADER = YES;
				CLANG_WARN_RANGE_LOOP_ANALYSIS = YES;
				CLANG_WARN_STRICT_PROTOTYPES = YES;
				CLANG_WARN_SUSPICIOUS_MOVE = YES;
				CLANG_WARN_UNGUARDED_AVAILABILITY = YES_AGGRESSIVE;
				CLANG_WARN_UNREACHABLE_CODE = YES;
				CLANG_WARN__DUPLICATE_METHOD_MATCH = YES;
				COPY_PHASE_STRIP = NO;
				DEBUG_INFORMATION_FORMAT = "dwarf-with-dsym";
				ENABLE_NS_ASSERTIONS = NO;
				ENABLE_STRICT_OBJC_MSGSEND = YES;
				GCC_C_LANGUAGE_STANDARD = gnu11;
				GCC_NO_COMMON_BLOCKS = YES;
				GCC_WARN_64_TO_32_BIT_CONVERSION = YES;
				GCC_WARN_ABOUT_RETURN_TYPE = YES_ERROR;
				GCC_WARN_UNDECLARED_SELECTOR = YES;
				GCC_WARN_UNINITIALIZED_AUTOS = YES_AGGRESSIVE;
				GCC_WARN_UNUSED_FUNCTION = YES;
				GCC_WARN_UNUSED_VARIABLE = YES;
				IPHONEOS_DEPLOYMENT_TARGET = 15.5;
				MTL_ENABLE_DEBUG_INFO = NO;
				MTL_FAST_MATH = YES;
				SDKROOT = iphoneos;
				SWIFT_COMPILATION_MODE = wholemodule;
				SWIFT_OPTIMIZATION_LEVEL = "-O";
				VALIDATE_PRODUCT = YES;
			};
			name = Release;
		};
		78EE064D2959C1E6000E3428 /* Debug */ = {
			isa = XCBuildConfiguration;
			buildSettings = {
				ASSETCATALOG_COMPILER_APPICON_NAME = AppIcon;
				ASSETCATALOG_COMPILER_GLOBAL_ACCENT_COLOR_NAME = AccentColor;
				CODE_SIGN_STYLE = Automatic;
				CURRENT_PROJECT_VERSION = 1;
				DEVELOPMENT_TEAM = Q424AFS8QU;
				GENERATE_INFOPLIST_FILE = YES;
				INFOPLIST_FILE = ledApp/Info.plist;
				INFOPLIST_KEY_UIApplicationSupportsIndirectInputEvents = YES;
				INFOPLIST_KEY_UILaunchStoryboardName = LaunchScreen;
				INFOPLIST_KEY_UIMainStoryboardFile = Main;
				INFOPLIST_KEY_UISupportedInterfaceOrientations_iPad = "UIInterfaceOrientationPortrait UIInterfaceOrientationPortraitUpsideDown UIInterfaceOrientationLandscapeLeft UIInterfaceOrientationLandscapeRight";
				INFOPLIST_KEY_UISupportedInterfaceOrientations_iPhone = "UIInterfaceOrientationPortrait UIInterfaceOrientationLandscapeLeft UIInterfaceOrientationLandscapeRight";
				LD_RUNPATH_SEARCH_PATHS = (
					"$(inherited)",
					"@executable_path/Frameworks",
				);
				MARKETING_VERSION = 1.0;
				PRODUCT_BUNDLE_IDENTIFIER = kr.co.example.ledApp;
				PRODUCT_NAME = "$(TARGET_NAME)";
				SWIFT_EMIT_LOC_STRINGS = YES;
				SWIFT_VERSION = 5.0;
				TARGETED_DEVICE_FAMILY = "1,2";
			};
			name = Debug;
		};
		78EE064E2959C1E6000E3428 /* Release */ = {
			isa = XCBuildConfiguration;
			buildSettings = {
				ASSETCATALOG_COMPILER_APPICON_NAME = AppIcon;
				ASSETCATALOG_COMPILER_GLOBAL_ACCENT_COLOR_NAME = AccentColor;
				CODE_SIGN_STYLE = Automatic;
				CURRENT_PROJECT_VERSION = 1;
				DEVELOPMENT_TEAM = Q424AFS8QU;
				GENERATE_INFOPLIST_FILE = YES;
				INFOPLIST_FILE = ledApp/Info.plist;
				INFOPLIST_KEY_UIApplicationSupportsIndirectInputEvents = YES;
				INFOPLIST_KEY_UILaunchStoryboardName = LaunchScreen;
				INFOPLIST_KEY_UIMainStoryboardFile = Main;
				INFOPLIST_KEY_UISupportedInterfaceOrientations_iPad = "UIInterfaceOrientationPortrait UIInterfaceOrientationPortraitUpsideDown UIInterfaceOrientationLandscapeLeft UIInterfaceOrientationLandscapeRight";
				INFOPLIST_KEY_UISupportedInterfaceOrientations_iPhone = "UIInterfaceOrientationPortrait UIInterfaceOrientationLandscapeLeft UIInterfaceOrientationLandscapeRight";
				LD_RUNPATH_SEARCH_PATHS = (
					"$(inherited)",
					"@executable_path/Frameworks",
				);
				MARKETING_VERSION = 1.0;
				PRODUCT_BUNDLE_IDENTIFIER = kr.co.example.ledApp;
				PRODUCT_NAME = "$(TARGET_NAME)";
				SWIFT_EMIT_LOC_STRINGS = YES;
				SWIFT_VERSION = 5.0;
				TARGETED_DEVICE_FAMILY = "1,2";
			};
			name = Release;
		};
		78EE06502959C1E6000E3428 /* Debug */ = {
			isa = XCBuildConfiguration;
			buildSettings = {
				ALWAYS_EMBED_SWIFT_STANDARD_LIBRARIES = YES;
				BUNDLE_LOADER = "$(TEST_HOST)";
				CODE_SIGN_STYLE = Automatic;
				CURRENT_PROJECT_VERSION = 1;
				DEVELOPMENT_TEAM = Q424AFS8QU;
				GENERATE_INFOPLIST_FILE = YES;
				IPHONEOS_DEPLOYMENT_TARGET = 15.5;
				MARKETING_VERSION = 1.0;
				PRODUCT_BUNDLE_IDENTIFIER = kr.co.example.ledAppTests;
				PRODUCT_NAME = "$(TARGET_NAME)";
				SWIFT_EMIT_LOC_STRINGS = NO;
				SWIFT_VERSION = 5.0;
				TARGETED_DEVICE_FAMILY = "1,2";
				TEST_HOST = "$(BUILT_PRODUCTS_DIR)/ledApp.app/ledApp";
			};
			name = Debug;
		};
		78EE06512959C1E6000E3428 /* Release */ = {
			isa = XCBuildConfiguration;
			buildSettings = {
				ALWAYS_EMBED_SWIFT_STANDARD_LIBRARIES = YES;
				BUNDLE_LOADER = "$(TEST_HOST)";
				CODE_SIGN_STYLE = Automatic;
				CURRENT_PROJECT_VERSION = 1;
				DEVELOPMENT_TEAM = Q424AFS8QU;
				GENERATE_INFOPLIST_FILE = YES;
				IPHONEOS_DEPLOYMENT_TARGET = 15.5;
				MARKETING_VERSION = 1.0;
				PRODUCT_BUNDLE_IDENTIFIER = kr.co.example.ledAppTests;
				PRODUCT_NAME = "$(TARGET_NAME)";
				SWIFT_EMIT_LOC_STRINGS = NO;
				SWIFT_VERSION = 5.0;
				TARGETED_DEVICE_FAMILY = "1,2";
				TEST_HOST = "$(BUILT_PRODUCTS_DIR)/ledApp.app/ledApp";
			};
			name = Release;
		};
		78EE06532959C1E6000E3428 /* Debug */ = {
			isa = XCBuildConfiguration;
			buildSettings = {
				ALWAYS_EMBED_SWIFT_STANDARD_LIBRARIES = YES;
				CODE_SIGN_STYLE = Automatic;
				CURRENT_PROJECT_VERSION = 1;
				DEVELOPMENT_TEAM = Q424AFS8QU;
				GENERATE_INFOPLIST_FILE = YES;
				MARKETING_VERSION = 1.0;
				PRODUCT_BUNDLE_IDENTIFIER = kr.co.example.ledAppUITests;
				PRODUCT_NAME = "$(TARGET_NAME)";
				SWIFT_EMIT_LOC_STRINGS = NO;
				SWIFT_VERSION = 5.0;
				TARGETED_DEVICE_FAMILY = "1,2";
				TEST_TARGET_NAME = ledApp;
			};
			name = Debug;
		};
		78EE06542959C1E6000E3428 /* Release */ = {
			isa = XCBuildConfiguration;
			buildSettings = {
				ALWAYS_EMBED_SWIFT_STANDARD_LIBRARIES = YES;
				CODE_SIGN_STYLE = Automatic;
				CURRENT_PROJECT_VERSION = 1;
				DEVELOPMENT_TEAM = Q424AFS8QU;
				GENERATE_INFOPLIST_FILE = YES;
				MARKETING_VERSION = 1.0;
				PRODUCT_BUNDLE_IDENTIFIER = kr.co.example.ledAppUITests;
				PRODUCT_NAME = "$(TARGET_NAME)";
				SWIFT_EMIT_LOC_STRINGS = NO;
				SWIFT_VERSION = 5.0;
				TARGETED_DEVICE_FAMILY = "1,2";
				TEST_TARGET_NAME = ledApp;
			};
			name = Release;
		};
/* End XCBuildConfiguration section */

/* Begin XCConfigurationList section */
		78EE061D2959C1E5000E3428 /* Build configuration list for PBXProject "ledApp" */ = {
			isa = XCConfigurationList;
			buildConfigurations = (
				78EE064A2959C1E6000E3428 /* Debug */,
				78EE064B2959C1E6000E3428 /* Release */,
			);
			defaultConfigurationIsVisible = 0;
			defaultConfigurationName = Release;
		};
		78EE064C2959C1E6000E3428 /* Build configuration list for PBXNativeTarget "ledApp" */ = {
			isa = XCConfigurationList;
			buildConfigurations = (
				78EE064D2959C1E6000E3428 /* Debug */,
				78EE064E2959C1E6000E3428 /* Release */,
			);
			defaultConfigurationIsVisible = 0;
			defaultConfigurationName = Release;
		};
		78EE064F2959C1E6000E3428 /* Build configuration list for PBXNativeTarget "ledAppTests" */ = {
			isa = XCConfigurationList;
			buildConfigurations = (
				78EE06502959C1E6000E3428 /* Debug */,
				78EE06512959C1E6000E3428 /* Release */,
			);
			defaultConfigurationIsVisible = 0;
			defaultConfigurationName = Release;
		};
		78EE06522959C1E6000E3428 /* Build configuration list for PBXNativeTarget "ledAppUITests" */ = {
			isa = XCConfigurationList;
			buildConfigurations = (
				78EE06532959C1E6000E3428 /* Debug */,
				78EE06542959C1E6000E3428 /* Release */,
			);
			defaultConfigurationIsVisible = 0;
			defaultConfigurationName = Release;
		};
/* End XCConfigurationList section */
	};
	rootObject = 78EE061A2959C1E5000E3428 /* Project object */;
}
